
Microsoft Visual Studio Solution File, Format Version 12.00
# Visual Studio Version 17
VisualStudioVersion = 17.12.35527.113
MinimumVisualStudioVersion = 10.0.40219.1
Project("{8BC9CEB8-8B4A-11D0-8D11-00A0C91BC942}") = "App", "App\App.vcxproj", "{9EDD11A4-5F68-44C3-856D-6DF8222130AA}"
	ProjectSection(ProjectDependencies) = postProject
		{0BF5B48C-C3C5-417E-9FDF-8E2B00390E0D} = {0BF5B48C-C3C5-417E-9FDF-8E2B00390E0D}
		{3B7FE621-FF31-4DBD-8282-5F7B78DADC46} = {3B7FE621-FF31-4DBD-8282-5F7B78DADC46}
		{92A09FA4-4433-4773-AB44-093BADF5E3A4} = {92A09FA4-4433-4773-AB44-093BADF5E3A4}
		{F0FB431A-F517-42E2-AA1D-CE2938E6542E} = {F0FB431A-F517-42E2-AA1D-CE2938E6542E}
	EndProjectSection
EndProject
Project("{8BC9CEB8-8B4A-11D0-8D11-00A0C91BC942}") = "EngineBase", "EngineBase\EngineBase.vcxproj", "{0BF5B48C-C3C5-417E-9FDF-8E2B00390E0D}"
EndProject
Project("{2150E333-8FDC-42A3-9474-1A3956D46DE8}") = "Level_0", "Level_0", "{7D0B2A69-530E-4D5F-A450-469BED172E24}"
EndProject
Project("{2150E333-8FDC-42A3-9474-1A3956D46DE8}") = "Level_4", "Level_4", "{4941A072-56A4-4788-994F-103F3AE2D474}"
EndProject
Project("{2150E333-8FDC-42A3-9474-1A3956D46DE8}") = "Level_1", "Level_1", "{AA78AD66-6C76-49C8-BB92-7F88B33A1035}"
EndProject
Project("{2150E333-8FDC-42A3-9474-1A3956D46DE8}") = "Level_2", "Level_2", "{6272116A-060D-4872-B795-EB4A11C3C318}"
EndProject
Project("{2150E333-8FDC-42A3-9474-1A3956D46DE8}") = "Level_3", "Level_3", "{DD1E1152-5615-4069-BFB2-C00E54FB7F5D}"
EndProject
Project("{8BC9CEB8-8B4A-11D0-8D11-00A0C91BC942}") = "EnginePlatform", "EnginePlatform\EnginePlatform.vcxproj", "{F0FB431A-F517-42E2-AA1D-CE2938E6542E}"
	ProjectSection(ProjectDependencies) = postProject
		{0BF5B48C-C3C5-417E-9FDF-8E2B00390E0D} = {0BF5B48C-C3C5-417E-9FDF-8E2B00390E0D}
	EndProjectSection
EndProject
Project("{8BC9CEB8-8B4A-11D0-8D11-00A0C91BC942}") = "EngineCore", "EngineCore\EngineCore.vcxproj", "{3B7FE621-FF31-4DBD-8282-5F7B78DADC46}"
	ProjectSection(ProjectDependencies) = postProject
		{0BF5B48C-C3C5-417E-9FDF-8E2B00390E0D} = {0BF5B48C-C3C5-417E-9FDF-8E2B00390E0D}
		{F0FB431A-F517-42E2-AA1D-CE2938E6542E} = {F0FB431A-F517-42E2-AA1D-CE2938E6542E}
	EndProjectSection
EndProject
Project("{8BC9CEB8-8B4A-11D0-8D11-00A0C91BC942}") = "EngineContents", "EngineContents\EngineContents.vcxproj", "{92A09FA4-4433-4773-AB44-093BADF5E3A4}"
	ProjectSection(ProjectDependencies) = postProject
		{0BF5B48C-C3C5-417E-9FDF-8E2B00390E0D} = {0BF5B48C-C3C5-417E-9FDF-8E2B00390E0D}
		{3B7FE621-FF31-4DBD-8282-5F7B78DADC46} = {3B7FE621-FF31-4DBD-8282-5F7B78DADC46}
		{F0FB431A-F517-42E2-AA1D-CE2938E6542E} = {F0FB431A-F517-42E2-AA1D-CE2938E6542E}
	EndProjectSection
EndProject
Project("{8BC9CEB8-8B4A-11D0-8D11-00A0C91BC942}") = "EngineShader", "EngineShader\EngineShader.vcxproj", "{B644FB14-9889-4812-BB9E-2AA61E4F4E3B}"
EndProject
Global
	GlobalSection(SolutionConfigurationPlatforms) = preSolution
		Debug|x64 = Debug|x64
		Debug|x86 = Debug|x86
		Release|x64 = Release|x64
		Release|x86 = Release|x86
	EndGlobalSection
	GlobalSection(ProjectConfigurationPlatforms) = postSolution
		{9EDD11A4-5F68-44C3-856D-6DF8222130AA}.Debug|x64.ActiveCfg = Debug|x64
		{9EDD11A4-5F68-44C3-856D-6DF8222130AA}.Debug|x64.Build.0 = Debug|x64
		{9EDD11A4-5F68-44C3-856D-6DF8222130AA}.Debug|x86.ActiveCfg = Debug|Win32
		{9EDD11A4-5F68-44C3-856D-6DF8222130AA}.Debug|x86.Build.0 = Debug|Win32
		{9EDD11A4-5F68-44C3-856D-6DF8222130AA}.Release|x64.ActiveCfg = Release|x64
		{9EDD11A4-5F68-44C3-856D-6DF8222130AA}.Release|x64.Build.0 = Release|x64
		{9EDD11A4-5F68-44C3-856D-6DF8222130AA}.Release|x86.ActiveCfg = Release|Win32
		{9EDD11A4-5F68-44C3-856D-6DF8222130AA}.Release|x86.Build.0 = Release|Win32
		{0BF5B48C-C3C5-417E-9FDF-8E2B00390E0D}.Debug|x64.ActiveCfg = Debug|x64
		{0BF5B48C-C3C5-417E-9FDF-8E2B00390E0D}.Debug|x64.Build.0 = Debug|x64
		{0BF5B48C-C3C5-417E-9FDF-8E2B00390E0D}.Debug|x86.ActiveCfg = Debug|Win32
		{0BF5B48C-C3C5-417E-9FDF-8E2B00390E0D}.Debug|x86.Build.0 = Debug|Win32
		{0BF5B48C-C3C5-417E-9FDF-8E2B00390E0D}.Release|x64.ActiveCfg = Release|x64
		{0BF5B48C-C3C5-417E-9FDF-8E2B00390E0D}.Release|x64.Build.0 = Release|x64
		{0BF5B48C-C3C5-417E-9FDF-8E2B00390E0D}.Release|x86.ActiveCfg = Release|Win32
		{0BF5B48C-C3C5-417E-9FDF-8E2B00390E0D}.Release|x86.Build.0 = Release|Win32
		{F0FB431A-F517-42E2-AA1D-CE2938E6542E}.Debug|x64.ActiveCfg = Debug|x64
		{F0FB431A-F517-42E2-AA1D-CE2938E6542E}.Debug|x64.Build.0 = Debug|x64
		{F0FB431A-F517-42E2-AA1D-CE2938E6542E}.Debug|x86.ActiveCfg = Debug|Win32
		{F0FB431A-F517-42E2-AA1D-CE2938E6542E}.Debug|x86.Build.0 = Debug|Win32
		{F0FB431A-F517-42E2-AA1D-CE2938E6542E}.Release|x64.ActiveCfg = Release|x64
		{F0FB431A-F517-42E2-AA1D-CE2938E6542E}.Release|x64.Build.0 = Release|x64
		{F0FB431A-F517-42E2-AA1D-CE2938E6542E}.Release|x86.ActiveCfg = Release|Win32
		{F0FB431A-F517-42E2-AA1D-CE2938E6542E}.Release|x86.Build.0 = Release|Win32
		{3B7FE621-FF31-4DBD-8282-5F7B78DADC46}.Debug|x64.ActiveCfg = Debug|x64
		{3B7FE621-FF31-4DBD-8282-5F7B78DADC46}.Debug|x64.Build.0 = Debug|x64
		{3B7FE621-FF31-4DBD-8282-5F7B78DADC46}.Debug|x86.ActiveCfg = Debug|Win32
		{3B7FE621-FF31-4DBD-8282-5F7B78DADC46}.Debug|x86.Build.0 = Debug|Win32
		{3B7FE621-FF31-4DBD-8282-5F7B78DADC46}.Release|x64.ActiveCfg = Release|x64
		{3B7FE621-FF31-4DBD-8282-5F7B78DADC46}.Release|x64.Build.0 = Release|x64
		{3B7FE621-FF31-4DBD-8282-5F7B78DADC46}.Release|x86.ActiveCfg = Release|Win32
		{3B7FE621-FF31-4DBD-8282-5F7B78DADC46}.Release|x86.Build.0 = Release|Win32
		{92A09FA4-4433-4773-AB44-093BADF5E3A4}.Debug|x64.ActiveCfg = Debug|x64
		{92A09FA4-4433-4773-AB44-093BADF5E3A4}.Debug|x64.Build.0 = Debug|x64
		{92A09FA4-4433-4773-AB44-093BADF5E3A4}.Debug|x86.ActiveCfg = Debug|Win32
		{92A09FA4-4433-4773-AB44-093BADF5E3A4}.Debug|x86.Build.0 = Debug|Win32
		{92A09FA4-4433-4773-AB44-093BADF5E3A4}.Release|x64.ActiveCfg = Release|x64
		{92A09FA4-4433-4773-AB44-093BADF5E3A4}.Release|x64.Build.0 = Release|x64
		{92A09FA4-4433-4773-AB44-093BADF5E3A4}.Release|x86.ActiveCfg = Release|Win32
		{92A09FA4-4433-4773-AB44-093BADF5E3A4}.Release|x86.Build.0 = Release|Win32
		{B644FB14-9889-4812-BB9E-2AA61E4F4E3B}.Debug|x64.ActiveCfg = Debug|x64
		{B644FB14-9889-4812-BB9E-2AA61E4F4E3B}.Debug|x64.Build.0 = Debug|x64
		{B644FB14-9889-4812-BB9E-2AA61E4F4E3B}.Debug|x86.ActiveCfg = Debug|Win32
		{B644FB14-9889-4812-BB9E-2AA61E4F4E3B}.Debug|x86.Build.0 = Debug|Win32
		{B644FB14-9889-4812-BB9E-2AA61E4F4E3B}.Release|x64.ActiveCfg = Release|x64
		{B644FB14-9889-4812-BB9E-2AA61E4F4E3B}.Release|x64.Build.0 = Release|x64
		{B644FB14-9889-4812-BB9E-2AA61E4F4E3B}.Release|x86.ActiveCfg = Release|Win32
		{B644FB14-9889-4812-BB9E-2AA61E4F4E3B}.Release|x86.Build.0 = Release|Win32
	EndGlobalSection
	GlobalSection(SolutionProperties) = preSolution
		HideSolutionNode = FALSE
	EndGlobalSection
	GlobalSection(NestedProjects) = preSolution
		{9EDD11A4-5F68-44C3-856D-6DF8222130AA} = {4941A072-56A4-4788-994F-103F3AE2D474}
		{0BF5B48C-C3C5-417E-9FDF-8E2B00390E0D} = {7D0B2A69-530E-4D5F-A450-469BED172E24}
		{F0FB431A-F517-42E2-AA1D-CE2938E6542E} = {AA78AD66-6C76-49C8-BB92-7F88B33A1035}
		{3B7FE621-FF31-4DBD-8282-5F7B78DADC46} = {6272116A-060D-4872-B795-EB4A11C3C318}
		{92A09FA4-4433-4773-AB44-093BADF5E3A4} = {DD1E1152-5615-4069-BFB2-C00E54FB7F5D}
		{B644FB14-9889-4812-BB9E-2AA61E4F4E3B} = {6272116A-060D-4872-B795-EB4A11C3C318}
	EndGlobalSection
EndGlobal
