<?xml version="1.0" encoding="utf-8"?>
<Project ToolsVersion="4.0" xmlns="http://schemas.microsoft.com/developer/msbuild/2003">
  <ItemGroup>
    <ClInclude Include="PreCompile.h">
      <Filter>02_PreCompile</Filter>
    </ClInclude>
    <ClInclude Include="IContentsCore.h">
      <Filter>01_Interface</Filter>
    </ClInclude>
    <ClInclude Include="EngineCore.h">
      <Filter>00_Core</Filter>
    </ClInclude>
    <ClInclude Include="Level.h">
      <Filter>03_Object</Filter>
    </ClInclude>
    <ClInclude Include="Actor.h">
      <Filter>03_Object</Filter>
    </ClInclude>
    <ClInclude Include="ActorComponent.h">
      <Filter>03_Object\00_Component</Filter>
    </ClInclude>
    <ClInclude Include="SceneComponent.h">
      <Filter>03_Object\00_Component</Filter>
    </ClInclude>
    <ClInclude Include="Pawn.h">
      <Filter>03_Object\01_Actor</Filter>
    </ClInclude>
    <ClInclude Include="GameMode.h">
      <Filter>03_Object\01_Actor</Filter>
    </ClInclude>
  </ItemGroup>
  <ItemGroup>
    <ClCompile Include="PreCompile.cpp">
      <Filter>02_PreCompile</Filter>
    </ClCompile>
    <ClCompile Include="EngineCore.cpp">
      <Filter>00_Core</Filter>
    </ClCompile>
    <ClCompile Include="Actor.cpp">
      <Filter>03_Object</Filter>
    </ClCompile>
    <ClCompile Include="Level.cpp">
      <Filter>03_Object</Filter>
    </ClCompile>
    <ClCompile Include="ActorComponent.cpp">
      <Filter>03_Object\00_Component</Filter>
    </ClCompile>
    <ClCompile Include="SceneComponent.cpp">
      <Filter>03_Object\00_Component</Filter>
    </ClCompile>
    <ClCompile Include="Pawn.cpp">
      <Filter>03_Object\01_Actor</Filter>
    </ClCompile>
    <ClCompile Include="GameMode.cpp">
      <Filter>03_Object\01_Actor</Filter>
    </ClCompile>
  </ItemGroup>
  <ItemGroup>
    <Filter Include="00_Core">
      <UniqueIdentifier>{1719a118-8ff3-4bf8-8088-ee4e44d26c17}</UniqueIdentifier>
    </Filter>
    <Filter Include="01_Interface">
      <UniqueIdentifier>{cccd3d49-17e3-46ed-95da-3b2413f9e73e}</UniqueIdentifier>
    </Filter>
    <Filter Include="02_PreCompile">
      <UniqueIdentifier>{6cc9157f-34b3-4c54-b52f-5d93f7228c7b}</UniqueIdentifier>
    </Filter>
    <Filter Include="03_Object">
      <UniqueIdentifier>{7e91422e-5fca-426e-a889-e0290b4dbe0c}</UniqueIdentifier>
    </Filter>
    <Filter Include="03_Object\00_Component">
      <UniqueIdentifier>{f7ffd2bb-f066-4254-901e-f592d4be4298}</UniqueIdentifier>
    </Filter>
    <Filter Include="03_Object\01_Actor">
      <UniqueIdentifier>{648e9f91-d940-455c-9d84-c56cf21e2fe5}</UniqueIdentifier>
    </Filter>
  </ItemGroup>
</Project>